
Microsoft Visual Studio Solution File, Format Version 12.00
# Visual Studio 15
VisualStudioVersion = 15.0.28010.2041
MinimumVisualStudioVersion = 10.0.40219.1
Project("{2150E333-8FDC-42A3-9474-1A3956D46DE8}") = "Solution Items", "Solution Items", "{8DB70266-0920-4AFC-A3EE-FFF81ABBF7A5}"
	ProjectSection(SolutionItems) = preProject
		readme.md = readme.md
	EndProjectSection
EndProject
Project("{F184B08F-C81C-45F6-A57F-5ABD9991F28F}") = "ReadingDelimitedFile1", "ReadingDelimitedFile1\ReadingDelimitedFile1.vbproj", "{DF2641E8-5B06-44DA-943D-6FDB2EDEE598}"
EndProject
Project("{F184B08F-C81C-45F6-A57F-5ABD9991F28F}") = "ReadingDelimitedFile2", "ReadingDelimitedFile2\ReadingDelimitedFile2.vbproj", "{3626F08E-A4D9-42F7-AD2A-54D0903EE272}"
EndProject
Project("{F184B08F-C81C-45F6-A57F-5ABD9991F28F}") = "FollowParent", "FollowParent\FollowParent.vbproj", "{83A3C1FC-7D8A-4E23-A8EC-D91476B3954D}"
EndProject
Project("{F184B08F-C81C-45F6-A57F-5ABD9991F28F}") = "FormCommunicate1", "FormCommunicate1\FormCommunicate1.vbproj", "{E6CAE5EC-766A-4517-B110-55780EEDAE37}"
EndProject
Project("{F184B08F-C81C-45F6-A57F-5ABD9991F28F}") = "Progress1", "Progress1\Progress1.vbproj", "{2626DCE1-9428-46D3-9AB8-759648ABBB85}"
EndProject
Project("{F184B08F-C81C-45F6-A57F-5ABD9991F28F}") = "Progress2", "Progress2\Progress2.vbproj", "{4EAAD1E4-D25C-46D4-AAB7-14646D346BED}"
EndProject
Project("{F184B08F-C81C-45F6-A57F-5ABD9991F28F}") = "Progress3", "Progress3\Progress3.vbproj", "{5411A35C-601C-46C7-9452-4B65B233DFF1}"
EndProject
Project("{F184B08F-C81C-45F6-A57F-5ABD9991F28F}") = "PassingValuesConventional", "PassingValuesConventional\PassingValuesConventional.vbproj", "{7AF01B50-8480-4A68-A9B1-7D8586094A5E}"
EndProject
Global
	GlobalSection(SolutionConfigurationPlatforms) = preSolution
		Debug|Any CPU = Debug|Any CPU
		Release|Any CPU = Release|Any CPU
	EndGlobalSection
	GlobalSection(ProjectConfigurationPlatforms) = postSolution
		{DF2641E8-5B06-44DA-943D-6FDB2EDEE598}.Debug|Any CPU.ActiveCfg = Debug|Any CPU
		{DF2641E8-5B06-44DA-943D-6FDB2EDEE598}.Debug|Any CPU.Build.0 = Debug|Any CPU
		{DF2641E8-5B06-44DA-943D-6FDB2EDEE598}.Release|Any CPU.ActiveCfg = Release|Any CPU
		{DF2641E8-5B06-44DA-943D-6FDB2EDEE598}.Release|Any CPU.Build.0 = Release|Any CPU
		{3626F08E-A4D9-42F7-AD2A-54D0903EE272}.Debug|Any CPU.ActiveCfg = Debug|Any CPU
		{3626F08E-A4D9-42F7-AD2A-54D0903EE272}.Debug|Any CPU.Build.0 = Debug|Any CPU
		{3626F08E-A4D9-42F7-AD2A-54D0903EE272}.Release|Any CPU.ActiveCfg = Release|Any CPU
		{3626F08E-A4D9-42F7-AD2A-54D0903EE272}.Release|Any CPU.Build.0 = Release|Any CPU
		{83A3C1FC-7D8A-4E23-A8EC-D91476B3954D}.Debug|Any CPU.ActiveCfg = Debug|Any CPU
		{83A3C1FC-7D8A-4E23-A8EC-D91476B3954D}.Debug|Any CPU.Build.0 = Debug|Any CPU
		{83A3C1FC-7D8A-4E23-A8EC-D91476B3954D}.Release|Any CPU.ActiveCfg = Release|Any CPU
		{83A3C1FC-7D8A-4E23-A8EC-D91476B3954D}.Release|Any CPU.Build.0 = Release|Any CPU
		{E6CAE5EC-766A-4517-B110-55780EEDAE37}.Debug|Any CPU.ActiveCfg = Debug|Any CPU
		{E6CAE5EC-766A-4517-B110-55780EEDAE37}.Debug|Any CPU.Build.0 = Debug|Any CPU
		{E6CAE5EC-766A-4517-B110-55780EEDAE37}.Release|Any CPU.ActiveCfg = Release|Any CPU
		{E6CAE5EC-766A-4517-B110-55780EEDAE37}.Release|Any CPU.Build.0 = Release|Any CPU
		{2626DCE1-9428-46D3-9AB8-759648ABBB85}.Debug|Any CPU.ActiveCfg = Debug|Any CPU
		{2626DCE1-9428-46D3-9AB8-759648ABBB85}.Debug|Any CPU.Build.0 = Debug|Any CPU
		{2626DCE1-9428-46D3-9AB8-759648ABBB85}.Release|Any CPU.ActiveCfg = Release|Any CPU
		{2626DCE1-9428-46D3-9AB8-759648ABBB85}.Release|Any CPU.Build.0 = Release|Any CPU
		{4EAAD1E4-D25C-46D4-AAB7-14646D346BED}.Debug|Any CPU.ActiveCfg = Debug|Any CPU
		{4EAAD1E4-D25C-46D4-AAB7-14646D346BED}.Debug|Any CPU.Build.0 = Debug|Any CPU
		{4EAAD1E4-D25C-46D4-AAB7-14646D346BED}.Release|Any CPU.ActiveCfg = Release|Any CPU
		{4EAAD1E4-D25C-46D4-AAB7-14646D346BED}.Release|Any CPU.Build.0 = Release|Any CPU
		{5411A35C-601C-46C7-9452-4B65B233DFF1}.Debug|Any CPU.ActiveCfg = Debug|Any CPU
		{5411A35C-601C-46C7-9452-4B65B233DFF1}.Debug|Any CPU.Build.0 = Debug|Any CPU
		{5411A35C-601C-46C7-9452-4B65B233DFF1}.Release|Any CPU.ActiveCfg = Release|Any CPU
		{5411A35C-601C-46C7-9452-4B65B233DFF1}.Release|Any CPU.Build.0 = Release|Any CPU
		{7AF01B50-8480-4A68-A9B1-7D8586094A5E}.Debug|Any CPU.ActiveCfg = Debug|Any CPU
		{7AF01B50-8480-4A68-A9B1-7D8586094A5E}.Debug|Any CPU.Build.0 = Debug|Any CPU
		{7AF01B50-8480-4A68-A9B1-7D8586094A5E}.Release|Any CPU.ActiveCfg = Release|Any CPU
		{7AF01B50-8480-4A68-A9B1-7D8586094A5E}.Release|Any CPU.Build.0 = Release|Any CPU
	EndGlobalSection
	GlobalSection(SolutionProperties) = preSolution
		HideSolutionNode = FALSE
	EndGlobalSection
	GlobalSection(ExtensibilityGlobals) = postSolution
		SolutionGuid = {5F13DA23-703F-4661-AA22-C5D4EE912237}
	EndGlobalSection
EndGlobal
