
Microsoft Visual Studio Solution File, Format Version 12.00
# Visual Studio 15
VisualStudioVersion = 15.0.28010.2041
MinimumVisualStudioVersion = 10.0.40219.1
Project("{F184B08F-C81C-45F6-A57F-5ABD9991F28F}") = "FollowParent", "FollowParent.vbproj", "{83A3C1FC-7D8A-4E23-A8EC-D91476B3954D}"
EndProject
Project("{2150E333-8FDC-42A3-9474-1A3956D46DE8}") = "Solution Items", "Solution Items", "{A505FBC0-5759-4DC0-98CC-A4EBE2CD02BA}"
	ProjectSection(SolutionItems) = preProject
		TextFile1.txt = TextFile1.txt
	EndProjectSection
EndProject
Project("{FAE04EC0-301F-11D3-BF4B-00C04F79EFBC}") = "DateTimeExtensions", "..\DateTimeExtensions\DateTimeExtensions.csproj", "{50DF5F9E-12ED-4871-B54B-F26FD555A842}"
EndProject
Project("{F184B08F-C81C-45F6-A57F-5ABD9991F28F}") = "ForumQuestion", "ForumQuestion\ForumQuestion.vbproj", "{922E0B3A-1334-4CC1-A73D-7805AF62348D}"
EndProject
Global
	GlobalSection(SolutionConfigurationPlatforms) = preSolution
		Debug|Any CPU = Debug|Any CPU
		Debug|Mixed Platforms = Debug|Mixed Platforms
		Debug|x86 = Debug|x86
		Release|Any CPU = Release|Any CPU
		Release|Mixed Platforms = Release|Mixed Platforms
		Release|x86 = Release|x86
	EndGlobalSection
	GlobalSection(ProjectConfigurationPlatforms) = postSolution
		{83A3C1FC-7D8A-4E23-A8EC-D91476B3954D}.Debug|Any CPU.ActiveCfg = Debug|Any CPU
		{83A3C1FC-7D8A-4E23-A8EC-D91476B3954D}.Debug|Any CPU.Build.0 = Debug|Any CPU
		{83A3C1FC-7D8A-4E23-A8EC-D91476B3954D}.Debug|Mixed Platforms.ActiveCfg = Debug|Any CPU
		{83A3C1FC-7D8A-4E23-A8EC-D91476B3954D}.Debug|Mixed Platforms.Build.0 = Debug|Any CPU
		{83A3C1FC-7D8A-4E23-A8EC-D91476B3954D}.Debug|x86.ActiveCfg = Debug|Any CPU
		{83A3C1FC-7D8A-4E23-A8EC-D91476B3954D}.Release|Any CPU.ActiveCfg = Release|Any CPU
		{83A3C1FC-7D8A-4E23-A8EC-D91476B3954D}.Release|Any CPU.Build.0 = Release|Any CPU
		{83A3C1FC-7D8A-4E23-A8EC-D91476B3954D}.Release|Mixed Platforms.ActiveCfg = Release|Any CPU
		{83A3C1FC-7D8A-4E23-A8EC-D91476B3954D}.Release|Mixed Platforms.Build.0 = Release|Any CPU
		{83A3C1FC-7D8A-4E23-A8EC-D91476B3954D}.Release|x86.ActiveCfg = Release|Any CPU
		{50DF5F9E-12ED-4871-B54B-F26FD555A842}.Debug|Any CPU.ActiveCfg = Debug|Any CPU
		{50DF5F9E-12ED-4871-B54B-F26FD555A842}.Debug|Any CPU.Build.0 = Debug|Any CPU
		{50DF5F9E-12ED-4871-B54B-F26FD555A842}.Debug|Mixed Platforms.ActiveCfg = Debug|Any CPU
		{50DF5F9E-12ED-4871-B54B-F26FD555A842}.Debug|Mixed Platforms.Build.0 = Debug|Any CPU
		{50DF5F9E-12ED-4871-B54B-F26FD555A842}.Debug|x86.ActiveCfg = Debug|Any CPU
		{50DF5F9E-12ED-4871-B54B-F26FD555A842}.Debug|x86.Build.0 = Debug|Any CPU
		{50DF5F9E-12ED-4871-B54B-F26FD555A842}.Release|Any CPU.ActiveCfg = Release|Any CPU
		{50DF5F9E-12ED-4871-B54B-F26FD555A842}.Release|Any CPU.Build.0 = Release|Any CPU
		{50DF5F9E-12ED-4871-B54B-F26FD555A842}.Release|Mixed Platforms.ActiveCfg = Release|Any CPU
		{50DF5F9E-12ED-4871-B54B-F26FD555A842}.Release|Mixed Platforms.Build.0 = Release|Any CPU
		{50DF5F9E-12ED-4871-B54B-F26FD555A842}.Release|x86.ActiveCfg = Release|Any CPU
		{50DF5F9E-12ED-4871-B54B-F26FD555A842}.Release|x86.Build.0 = Release|Any CPU
		{922E0B3A-1334-4CC1-A73D-7805AF62348D}.Debug|Any CPU.ActiveCfg = Debug|Any CPU
		{922E0B3A-1334-4CC1-A73D-7805AF62348D}.Debug|Any CPU.Build.0 = Debug|Any CPU
		{922E0B3A-1334-4CC1-A73D-7805AF62348D}.Debug|Mixed Platforms.ActiveCfg = Debug|Any CPU
		{922E0B3A-1334-4CC1-A73D-7805AF62348D}.Debug|Mixed Platforms.Build.0 = Debug|Any CPU
		{922E0B3A-1334-4CC1-A73D-7805AF62348D}.Debug|x86.ActiveCfg = Debug|Any CPU
		{922E0B3A-1334-4CC1-A73D-7805AF62348D}.Debug|x86.Build.0 = Debug|Any CPU
		{922E0B3A-1334-4CC1-A73D-7805AF62348D}.Release|Any CPU.ActiveCfg = Release|Any CPU
		{922E0B3A-1334-4CC1-A73D-7805AF62348D}.Release|Any CPU.Build.0 = Release|Any CPU
		{922E0B3A-1334-4CC1-A73D-7805AF62348D}.Release|Mixed Platforms.ActiveCfg = Release|Any CPU
		{922E0B3A-1334-4CC1-A73D-7805AF62348D}.Release|Mixed Platforms.Build.0 = Release|Any CPU
		{922E0B3A-1334-4CC1-A73D-7805AF62348D}.Release|x86.ActiveCfg = Release|Any CPU
		{922E0B3A-1334-4CC1-A73D-7805AF62348D}.Release|x86.Build.0 = Release|Any CPU
	EndGlobalSection
	GlobalSection(SolutionProperties) = preSolution
		HideSolutionNode = FALSE
	EndGlobalSection
	GlobalSection(ExtensibilityGlobals) = postSolution
		SolutionGuid = {28451B2A-A92F-4239-A746-B056C1236733}
	EndGlobalSection
EndGlobal
